
Microsoft Visual Studio Solution File, Format Version 12.00
# Visual Studio 15
VisualStudioVersion = 15.0.28010.2036
MinimumVisualStudioVersion = 10.0.40219.1
Project("{FAE04EC0-301F-11D3-BF4B-00C04F79EFBC}") = "WebApi1", "WebApi1\WebApi1.csproj", "{C18E4D39-400A-4C2A-A32A-E73431514944}"
EndProject
Project("{FAE04EC0-301F-11D3-BF4B-00C04F79EFBC}") = "ClientForTestingApi", "ClientForTestingApi\ClientForTestingApi.csproj", "{13B5B791-58F7-4C5C-BA9C-057040E260B2}"
EndProject
Project("{FAE04EC0-301F-11D3-BF4B-00C04F79EFBC}") = "ApiVersionManagement", "ApiVersionManagement\ApiVersionManagement.csproj", "{92CB7003-031E-46CF-AB90-5B19528B52F0}"
EndProject
Project("{FAE04EC0-301F-11D3-BF4B-00C04F79EFBC}") = "TestFilter", "TestFilter\TestFilter.csproj", "{690FB86B-CA91-4AB8-B515-FF6F987D1CFD}"
EndProject
Project("{FAE04EC0-301F-11D3-BF4B-00C04F79EFBC}") = "TestJWT", "TestJWT\TestJWT.csproj", "{ABFDAB84-B0C5-4999-BC0D-0F9C0E518F04}"
EndProject
Project("{FAE04EC0-301F-11D3-BF4B-00C04F79EFBC}") = "WebApiForCore", "WebApiForCore\WebApiForCore.csproj", "{120C8C49-C19B-45F2-AFB1-8FB7777800DA}"
EndProject
Global
	GlobalSection(SolutionConfigurationPlatforms) = preSolution
		Debug|Any CPU = Debug|Any CPU
		Release|Any CPU = Release|Any CPU
	EndGlobalSection
	GlobalSection(ProjectConfigurationPlatforms) = postSolution
		{C18E4D39-400A-4C2A-A32A-E73431514944}.Debug|Any CPU.ActiveCfg = Debug|Any CPU
		{C18E4D39-400A-4C2A-A32A-E73431514944}.Debug|Any CPU.Build.0 = Debug|Any CPU
		{C18E4D39-400A-4C2A-A32A-E73431514944}.Release|Any CPU.ActiveCfg = Release|Any CPU
		{C18E4D39-400A-4C2A-A32A-E73431514944}.Release|Any CPU.Build.0 = Release|Any CPU
		{13B5B791-58F7-4C5C-BA9C-057040E260B2}.Debug|Any CPU.ActiveCfg = Debug|Any CPU
		{13B5B791-58F7-4C5C-BA9C-057040E260B2}.Debug|Any CPU.Build.0 = Debug|Any CPU
		{13B5B791-58F7-4C5C-BA9C-057040E260B2}.Release|Any CPU.ActiveCfg = Release|Any CPU
		{13B5B791-58F7-4C5C-BA9C-057040E260B2}.Release|Any CPU.Build.0 = Release|Any CPU
		{92CB7003-031E-46CF-AB90-5B19528B52F0}.Debug|Any CPU.ActiveCfg = Debug|Any CPU
		{92CB7003-031E-46CF-AB90-5B19528B52F0}.Debug|Any CPU.Build.0 = Debug|Any CPU
		{92CB7003-031E-46CF-AB90-5B19528B52F0}.Release|Any CPU.ActiveCfg = Release|Any CPU
		{92CB7003-031E-46CF-AB90-5B19528B52F0}.Release|Any CPU.Build.0 = Release|Any CPU
		{690FB86B-CA91-4AB8-B515-FF6F987D1CFD}.Debug|Any CPU.ActiveCfg = Debug|Any CPU
		{690FB86B-CA91-4AB8-B515-FF6F987D1CFD}.Debug|Any CPU.Build.0 = Debug|Any CPU
		{690FB86B-CA91-4AB8-B515-FF6F987D1CFD}.Release|Any CPU.ActiveCfg = Release|Any CPU
		{690FB86B-CA91-4AB8-B515-FF6F987D1CFD}.Release|Any CPU.Build.0 = Release|Any CPU
		{ABFDAB84-B0C5-4999-BC0D-0F9C0E518F04}.Debug|Any CPU.ActiveCfg = Debug|Any CPU
		{ABFDAB84-B0C5-4999-BC0D-0F9C0E518F04}.Debug|Any CPU.Build.0 = Debug|Any CPU
		{ABFDAB84-B0C5-4999-BC0D-0F9C0E518F04}.Release|Any CPU.ActiveCfg = Release|Any CPU
		{ABFDAB84-B0C5-4999-BC0D-0F9C0E518F04}.Release|Any CPU.Build.0 = Release|Any CPU
		{120C8C49-C19B-45F2-AFB1-8FB7777800DA}.Debug|Any CPU.ActiveCfg = Debug|Any CPU
		{120C8C49-C19B-45F2-AFB1-8FB7777800DA}.Debug|Any CPU.Build.0 = Debug|Any CPU
		{120C8C49-C19B-45F2-AFB1-8FB7777800DA}.Release|Any CPU.ActiveCfg = Release|Any CPU
		{120C8C49-C19B-45F2-AFB1-8FB7777800DA}.Release|Any CPU.Build.0 = Release|Any CPU
	EndGlobalSection
	GlobalSection(SolutionProperties) = preSolution
		HideSolutionNode = FALSE
	EndGlobalSection
	GlobalSection(ExtensibilityGlobals) = postSolution
		SolutionGuid = {E30698A6-8D13-41E9-AA07-A05921C1700C}
	EndGlobalSection
EndGlobal
